
Microsoft Visual Studio Solution File, Format Version 12.00
# Visual Studio Version 16
VisualStudioVersion = 16.0.30804.86
MinimumVisualStudioVersion = 10.0.40219.1
Project("{9A19103F-16F7-4668-BE54-9A1E7A4F7556}") = "MarsRover", "MarsRover.csproj", "{D00C95C2-00FC-430E-A4D6-B6923F1B5531}"
EndProject
Global
	GlobalSection(SolutionConfigurationPlatforms) = preSolution
		Debug|Any CPU = Debug|Any CPU
		Release|Any CPU = Release|Any CPU
	EndGlobalSection
	GlobalSection(ProjectConfigurationPlatforms) = postSolution
		{D00C95C2-00FC-430E-A4D6-B6923F1B5531}.Debug|Any CPU.ActiveCfg = Debug|Any CPU
		{D00C95C2-00FC-430E-A4D6-B6923F1B5531}.Debug|Any CPU.Build.0 = Debug|Any CPU
		{D00C95C2-00FC-430E-A4D6-B6923F1B5531}.Release|Any CPU.ActiveCfg = Release|Any CPU
		{D00C95C2-00FC-430E-A4D6-B6923F1B5531}.Release|Any CPU.Build.0 = Release|Any CPU
	EndGlobalSection
	GlobalSection(SolutionProperties) = preSolution
		HideSolutionNode = FALSE
	EndGlobalSection
	GlobalSection(ExtensibilityGlobals) = postSolution
		SolutionGuid = {61BCA150-22FC-4B54-A69A-223126F7A0D8}
	EndGlobalSection
EndGlobal
